{
  "name": "temp-rsc-data",
  "version": "1.0.0",
  "lockfileVersion": 3,
  "requires": true,
  "packages": {
    "": {
      "name": "temp-rsc-data",
      "version": "1.0.0",
      "license": "ISC",
      "dependencies": {
        "@2003scape/rsc-data": "^1.0.18"
      }
    },
    "node_modules/@2003scape/rsc-data": {
      "version": "1.0.18",
      "resolved": "https://registry.npmjs.org/@2003scape/rsc-data/-/rsc-data-1.0.18.tgz",
      "integrity": "sha512-+uxy7MAUU96cJuliQDNj+m561d3/qXaC5LNOXwhR4s83kcE1Gfys5YeYymo1IpTFOhjros6RHHXYuRVU4Z48tw==",
      "license": "CC-BY-NC-SA-3.0 AND CC-BY-SA-4.0"
    }
  }
}
